
Microsoft Visual Studio Solution File, Format Version 12.00
# Visual Studio Version 17
VisualStudioVersion = 17.0.31903.59
MinimumVisualStudioVersion = 10.0.40219.1
Project("{FAE04EC0-301F-11D3-BF4B-00C04F79EFBC}") = "shortly", "shortly\shortly.csproj", "{210F0FCA-261F-4EBA-A46E-00895E09BA62}"
EndProject
Project("{FAE04EC0-301F-11D3-BF4B-00C04F79EFBC}") = "dbUtilities", "dbUtilities\dbUtilities.csproj", "{3194F203-AF8E-44CF-9369-1C137694B1B6}"
EndProject
Project("{FAE04EC0-301F-11D3-BF4B-00C04F79EFBC}") = "dbUtilities.Tests", "dbUtilities.Tests\dbUtilities.Tests.csproj", "{C8D580C9-1F27-44C6-BE67-D46F13B50819}"
EndProject
Global
	GlobalSection(SolutionConfigurationPlatforms) = preSolution
		Debug|Any CPU = Debug|Any CPU
		Release|Any CPU = Release|Any CPU
	EndGlobalSection
	GlobalSection(SolutionProperties) = preSolution
		HideSolutionNode = FALSE
	EndGlobalSection
	GlobalSection(ProjectConfigurationPlatforms) = postSolution
		{210F0FCA-261F-4EBA-A46E-00895E09BA62}.Debug|Any CPU.ActiveCfg = Debug|Any CPU
		{210F0FCA-261F-4EBA-A46E-00895E09BA62}.Debug|Any CPU.Build.0 = Debug|Any CPU
		{210F0FCA-261F-4EBA-A46E-00895E09BA62}.Release|Any CPU.ActiveCfg = Release|Any CPU
		{210F0FCA-261F-4EBA-A46E-00895E09BA62}.Release|Any CPU.Build.0 = Release|Any CPU
		{3194F203-AF8E-44CF-9369-1C137694B1B6}.Debug|Any CPU.ActiveCfg = Debug|Any CPU
		{3194F203-AF8E-44CF-9369-1C137694B1B6}.Debug|Any CPU.Build.0 = Debug|Any CPU
		{3194F203-AF8E-44CF-9369-1C137694B1B6}.Release|Any CPU.ActiveCfg = Release|Any CPU
		{3194F203-AF8E-44CF-9369-1C137694B1B6}.Release|Any CPU.Build.0 = Release|Any CPU
		{C8D580C9-1F27-44C6-BE67-D46F13B50819}.Debug|Any CPU.ActiveCfg = Debug|Any CPU
		{C8D580C9-1F27-44C6-BE67-D46F13B50819}.Debug|Any CPU.Build.0 = Debug|Any CPU
		{C8D580C9-1F27-44C6-BE67-D46F13B50819}.Release|Any CPU.ActiveCfg = Release|Any CPU
		{C8D580C9-1F27-44C6-BE67-D46F13B50819}.Release|Any CPU.Build.0 = Release|Any CPU
	EndGlobalSection
EndGlobal
